
Microsoft Visual Studio Solution File, Format Version 12.00
# Visual Studio 15
VisualStudioVersion = 15.0.28307.852
MinimumVisualStudioVersion = 10.0.40219.1
Project("{FAE04EC0-301F-11D3-BF4B-00C04F79EFBC}") = "StaticAnalyzerContractsLib", "StaticAnalyzerContractsLib\StaticAnalyzerContractsLib.csproj", "{565E5A7B-9BEB-4538-BDAC-D00E6ABABD8D}"
EndProject
Project("{FAE04EC0-301F-11D3-BF4B-00C04F79EFBC}") = "FxCopAnalyzerLib", "FxCopAnalyzerLib\FxCopAnalyzerLib.csproj", "{E689BBA1-DA7B-4D0B-903A-2997F0BD1D34}"
EndProject
Project("{FAE04EC0-301F-11D3-BF4B-00C04F79EFBC}") = "StaticAnalyzerUtilitiesLib", "StaticAnalyzerUtilitiesLib\StaticAnalyzerUtilitiesLib.csproj", "{E6EC59CE-E098-45ED-83CE-D20D3F5A1FA2}"
EndProject
Project("{FAE04EC0-301F-11D3-BF4B-00C04F79EFBC}") = "WriterContractsLib", "WriterContractsLib\WriterContractsLib.csproj", "{9AFAD4DF-FAB4-4631-90DC-E3EE41223A15}"
EndProject
Project("{FAE04EC0-301F-11D3-BF4B-00C04F79EFBC}") = "DataModelsLib", "DataModelsLib\DataModelsLib.csproj", "{CF453928-4AEE-47F7-9418-061C3E6022EA}"
EndProject
Project("{FAE04EC0-301F-11D3-BF4B-00C04F79EFBC}") = "FxCopReaderLib", "FxCopReaderLib\FxCopReaderLib.csproj", "{BB82DE03-F4B2-4B07-94C7-EE097B6CD63B}"
EndProject
Project("{FAE04EC0-301F-11D3-BF4B-00C04F79EFBC}") = "ReportReaderContractsLib", "ReportReaderContractsLib\ReportReaderContractsLib.csproj", "{7F12DE8D-D702-4EB1-9286-A66C2EFFFEC3}"
EndProject
Project("{FAE04EC0-301F-11D3-BF4B-00C04F79EFBC}") = "TextWriterLib", "TextWriterLib\TextWriterLib.csproj", "{2BE7EB22-B4A7-440F-B96A-9A845A6CAAA5}"
EndProject
Project("{FAE04EC0-301F-11D3-BF4B-00C04F79EFBC}") = "StaticToolsProcessorLib", "StaticToolsProcessorLib\StaticToolsProcessorLib.csproj", "{3F4711C7-92DB-42BF-BF48-FC4BB84C7916}"
EndProject
Project("{FAE04EC0-301F-11D3-BF4B-00C04F79EFBC}") = "NDependReaderLib", "NDependReaderLib\NDependReaderLib.csproj", "{86A946A9-16A5-44E8-8A62-7AB65B0D5661}"
EndProject
Project("{FAE04EC0-301F-11D3-BF4B-00C04F79EFBC}") = "NDependAnalyzerLib", "NDependAnalyzerLib\NDependAnalyzerLib.csproj", "{713EAB91-E849-4693-A814-F269FC05B08F}"
EndProject
Project("{FAE04EC0-301F-11D3-BF4B-00C04F79EFBC}") = "AnalyzersDataLib", "AnalyzersDataLib\AnalyzersDataLib.csproj", "{72E4D843-15DD-4B10-91DB-84CCF3AF8140}"
EndProject
Project("{FAE04EC0-301F-11D3-BF4B-00C04F79EFBC}") = "ConsoleLoggerLib", "ConsoleLoggerLib\ConsoleLoggerLib.csproj", "{D6063CB7-5BA3-494C-91F5-2558B190D7A3}"
EndProject
Project("{FAE04EC0-301F-11D3-BF4B-00C04F79EFBC}") = "LoggersContractLib", "LoggersContractLib\LoggersContractLib.csproj", "{47C6039A-50B1-4AD2-8772-A7053CC6C2AE}"
EndProject
Project("{FAE04EC0-301F-11D3-BF4B-00C04F79EFBC}") = "StaticAnalyzerUtilitiesContractsLib", "StaticAnalyzerUtilitiesContractsLib\StaticAnalyzerUtilitiesContractsLib.csproj", "{D258B6AA-FB0C-4314-BF4C-808AE74DCA8A}"
EndProject
Project("{FAE04EC0-301F-11D3-BF4B-00C04F79EFBC}") = "NDependAnalyzerLib.Tests", "NDependAnalyzerLib.Tests\NDependAnalyzerLib.Tests.csproj", "{6E41BE43-0355-4E79-8933-070AA368F8A8}"
EndProject
Project("{FAE04EC0-301F-11D3-BF4B-00C04F79EFBC}") = "NDependReaderLib.Tests", "NDependReaderLib.Tests\NDependReaderLib.Tests.csproj", "{F9432A3B-651B-46F4-8D04-798C1D5751B2}"
EndProject
Project("{FAE04EC0-301F-11D3-BF4B-00C04F79EFBC}") = "FxCopAnalyzerLib.Tests", "FxCopAnalyzerLib.Tests\FxCopAnalyzerLib.Tests.csproj", "{FDC61BCC-F25B-4F14-B7F0-9B44C9374608}"
EndProject
Project("{FAE04EC0-301F-11D3-BF4B-00C04F79EFBC}") = "FxCopReaderLib.Tests", "FxCopReaderLib.Tests\FxCopReaderLib.Tests.csproj", "{29896C3E-C1DB-45FC-8011-D37310DA9354}"
EndProject
Project("{FAE04EC0-301F-11D3-BF4B-00C04F79EFBC}") = "TextWriterLib.Tests", "TextWriterLib.Tests\TextWriterLib.Tests.csproj", "{97A91473-0EE6-4AFC-8136-C7035DB60712}"
EndProject
Project("{FAE04EC0-301F-11D3-BF4B-00C04F79EFBC}") = "StaticAnalyzerUtilitiesLib.Tests", "StaticAnalyzerUtilitiesLib.Tests\StaticAnalyzerUtilitiesLib.Tests.csproj", "{5F148188-37B5-42C4-BE68-036DF917CF2E}"
EndProject
Project("{FAE04EC0-301F-11D3-BF4B-00C04F79EFBC}") = "StaticToolsProcessorLib.Tests", "StaticToolsProcessorLib.Tests\StaticToolsProcessorLib.Tests.csproj", "{106F63AA-9860-4978-92AA-D2E5DC2594A9}"
EndProject
Project("{9A19103F-16F7-4668-BE54-9A1E7A4F7556}") = "StaticToolAnalyzerApi", "StaticToolAnalyzerApi\StaticToolAnalyzerApi.csproj", "{EB10231F-4919-47A1-AD16-30E5A7831BB8}"
EndProject
Global
	GlobalSection(SolutionConfigurationPlatforms) = preSolution
		Debug|Any CPU = Debug|Any CPU
		Release|Any CPU = Release|Any CPU
	EndGlobalSection
	GlobalSection(ProjectConfigurationPlatforms) = postSolution
		{565E5A7B-9BEB-4538-BDAC-D00E6ABABD8D}.Debug|Any CPU.ActiveCfg = Debug|Any CPU
		{565E5A7B-9BEB-4538-BDAC-D00E6ABABD8D}.Debug|Any CPU.Build.0 = Debug|Any CPU
		{565E5A7B-9BEB-4538-BDAC-D00E6ABABD8D}.Release|Any CPU.ActiveCfg = Release|Any CPU
		{565E5A7B-9BEB-4538-BDAC-D00E6ABABD8D}.Release|Any CPU.Build.0 = Release|Any CPU
		{E689BBA1-DA7B-4D0B-903A-2997F0BD1D34}.Debug|Any CPU.ActiveCfg = Debug|Any CPU
		{E689BBA1-DA7B-4D0B-903A-2997F0BD1D34}.Debug|Any CPU.Build.0 = Debug|Any CPU
		{E689BBA1-DA7B-4D0B-903A-2997F0BD1D34}.Release|Any CPU.ActiveCfg = Release|Any CPU
		{E689BBA1-DA7B-4D0B-903A-2997F0BD1D34}.Release|Any CPU.Build.0 = Release|Any CPU
		{E6EC59CE-E098-45ED-83CE-D20D3F5A1FA2}.Debug|Any CPU.ActiveCfg = Debug|Any CPU
		{E6EC59CE-E098-45ED-83CE-D20D3F5A1FA2}.Debug|Any CPU.Build.0 = Debug|Any CPU
		{E6EC59CE-E098-45ED-83CE-D20D3F5A1FA2}.Release|Any CPU.ActiveCfg = Release|Any CPU
		{E6EC59CE-E098-45ED-83CE-D20D3F5A1FA2}.Release|Any CPU.Build.0 = Release|Any CPU
		{9AFAD4DF-FAB4-4631-90DC-E3EE41223A15}.Debug|Any CPU.ActiveCfg = Debug|Any CPU
		{9AFAD4DF-FAB4-4631-90DC-E3EE41223A15}.Debug|Any CPU.Build.0 = Debug|Any CPU
		{9AFAD4DF-FAB4-4631-90DC-E3EE41223A15}.Release|Any CPU.ActiveCfg = Release|Any CPU
		{9AFAD4DF-FAB4-4631-90DC-E3EE41223A15}.Release|Any CPU.Build.0 = Release|Any CPU
		{CF453928-4AEE-47F7-9418-061C3E6022EA}.Debug|Any CPU.ActiveCfg = Debug|Any CPU
		{CF453928-4AEE-47F7-9418-061C3E6022EA}.Debug|Any CPU.Build.0 = Debug|Any CPU
		{CF453928-4AEE-47F7-9418-061C3E6022EA}.Release|Any CPU.ActiveCfg = Release|Any CPU
		{CF453928-4AEE-47F7-9418-061C3E6022EA}.Release|Any CPU.Build.0 = Release|Any CPU
		{BB82DE03-F4B2-4B07-94C7-EE097B6CD63B}.Debug|Any CPU.ActiveCfg = Debug|Any CPU
		{BB82DE03-F4B2-4B07-94C7-EE097B6CD63B}.Debug|Any CPU.Build.0 = Debug|Any CPU
		{BB82DE03-F4B2-4B07-94C7-EE097B6CD63B}.Release|Any CPU.ActiveCfg = Release|Any CPU
		{BB82DE03-F4B2-4B07-94C7-EE097B6CD63B}.Release|Any CPU.Build.0 = Release|Any CPU
		{7F12DE8D-D702-4EB1-9286-A66C2EFFFEC3}.Debug|Any CPU.ActiveCfg = Debug|Any CPU
		{7F12DE8D-D702-4EB1-9286-A66C2EFFFEC3}.Debug|Any CPU.Build.0 = Debug|Any CPU
		{7F12DE8D-D702-4EB1-9286-A66C2EFFFEC3}.Release|Any CPU.ActiveCfg = Release|Any CPU
		{7F12DE8D-D702-4EB1-9286-A66C2EFFFEC3}.Release|Any CPU.Build.0 = Release|Any CPU
		{2BE7EB22-B4A7-440F-B96A-9A845A6CAAA5}.Debug|Any CPU.ActiveCfg = Debug|Any CPU
		{2BE7EB22-B4A7-440F-B96A-9A845A6CAAA5}.Debug|Any CPU.Build.0 = Debug|Any CPU
		{2BE7EB22-B4A7-440F-B96A-9A845A6CAAA5}.Release|Any CPU.ActiveCfg = Release|Any CPU
		{2BE7EB22-B4A7-440F-B96A-9A845A6CAAA5}.Release|Any CPU.Build.0 = Release|Any CPU
		{3F4711C7-92DB-42BF-BF48-FC4BB84C7916}.Debug|Any CPU.ActiveCfg = Debug|Any CPU
		{3F4711C7-92DB-42BF-BF48-FC4BB84C7916}.Debug|Any CPU.Build.0 = Debug|Any CPU
		{3F4711C7-92DB-42BF-BF48-FC4BB84C7916}.Release|Any CPU.ActiveCfg = Release|Any CPU
		{3F4711C7-92DB-42BF-BF48-FC4BB84C7916}.Release|Any CPU.Build.0 = Release|Any CPU
		{86A946A9-16A5-44E8-8A62-7AB65B0D5661}.Debug|Any CPU.ActiveCfg = Debug|Any CPU
		{86A946A9-16A5-44E8-8A62-7AB65B0D5661}.Debug|Any CPU.Build.0 = Debug|Any CPU
		{86A946A9-16A5-44E8-8A62-7AB65B0D5661}.Release|Any CPU.ActiveCfg = Release|Any CPU
		{86A946A9-16A5-44E8-8A62-7AB65B0D5661}.Release|Any CPU.Build.0 = Release|Any CPU
		{713EAB91-E849-4693-A814-F269FC05B08F}.Debug|Any CPU.ActiveCfg = Debug|Any CPU
		{713EAB91-E849-4693-A814-F269FC05B08F}.Debug|Any CPU.Build.0 = Debug|Any CPU
		{713EAB91-E849-4693-A814-F269FC05B08F}.Release|Any CPU.ActiveCfg = Release|Any CPU
		{713EAB91-E849-4693-A814-F269FC05B08F}.Release|Any CPU.Build.0 = Release|Any CPU
		{72E4D843-15DD-4B10-91DB-84CCF3AF8140}.Debug|Any CPU.ActiveCfg = Debug|Any CPU
		{72E4D843-15DD-4B10-91DB-84CCF3AF8140}.Debug|Any CPU.Build.0 = Debug|Any CPU
		{72E4D843-15DD-4B10-91DB-84CCF3AF8140}.Release|Any CPU.ActiveCfg = Release|Any CPU
		{72E4D843-15DD-4B10-91DB-84CCF3AF8140}.Release|Any CPU.Build.0 = Release|Any CPU
		{D6063CB7-5BA3-494C-91F5-2558B190D7A3}.Debug|Any CPU.ActiveCfg = Debug|Any CPU
		{D6063CB7-5BA3-494C-91F5-2558B190D7A3}.Debug|Any CPU.Build.0 = Debug|Any CPU
		{D6063CB7-5BA3-494C-91F5-2558B190D7A3}.Release|Any CPU.ActiveCfg = Release|Any CPU
		{D6063CB7-5BA3-494C-91F5-2558B190D7A3}.Release|Any CPU.Build.0 = Release|Any CPU
		{47C6039A-50B1-4AD2-8772-A7053CC6C2AE}.Debug|Any CPU.ActiveCfg = Debug|Any CPU
		{47C6039A-50B1-4AD2-8772-A7053CC6C2AE}.Debug|Any CPU.Build.0 = Debug|Any CPU
		{47C6039A-50B1-4AD2-8772-A7053CC6C2AE}.Release|Any CPU.ActiveCfg = Release|Any CPU
		{47C6039A-50B1-4AD2-8772-A7053CC6C2AE}.Release|Any CPU.Build.0 = Release|Any CPU
		{D258B6AA-FB0C-4314-BF4C-808AE74DCA8A}.Debug|Any CPU.ActiveCfg = Debug|Any CPU
		{D258B6AA-FB0C-4314-BF4C-808AE74DCA8A}.Debug|Any CPU.Build.0 = Debug|Any CPU
		{D258B6AA-FB0C-4314-BF4C-808AE74DCA8A}.Release|Any CPU.ActiveCfg = Release|Any CPU
		{D258B6AA-FB0C-4314-BF4C-808AE74DCA8A}.Release|Any CPU.Build.0 = Release|Any CPU
		{6E41BE43-0355-4E79-8933-070AA368F8A8}.Debug|Any CPU.ActiveCfg = Debug|Any CPU
		{6E41BE43-0355-4E79-8933-070AA368F8A8}.Debug|Any CPU.Build.0 = Debug|Any CPU
		{6E41BE43-0355-4E79-8933-070AA368F8A8}.Release|Any CPU.ActiveCfg = Release|Any CPU
		{6E41BE43-0355-4E79-8933-070AA368F8A8}.Release|Any CPU.Build.0 = Release|Any CPU
		{F9432A3B-651B-46F4-8D04-798C1D5751B2}.Debug|Any CPU.ActiveCfg = Debug|Any CPU
		{F9432A3B-651B-46F4-8D04-798C1D5751B2}.Debug|Any CPU.Build.0 = Debug|Any CPU
		{F9432A3B-651B-46F4-8D04-798C1D5751B2}.Release|Any CPU.ActiveCfg = Release|Any CPU
		{F9432A3B-651B-46F4-8D04-798C1D5751B2}.Release|Any CPU.Build.0 = Release|Any CPU
		{FDC61BCC-F25B-4F14-B7F0-9B44C9374608}.Debug|Any CPU.ActiveCfg = Debug|Any CPU
		{FDC61BCC-F25B-4F14-B7F0-9B44C9374608}.Debug|Any CPU.Build.0 = Debug|Any CPU
		{FDC61BCC-F25B-4F14-B7F0-9B44C9374608}.Release|Any CPU.ActiveCfg = Release|Any CPU
		{FDC61BCC-F25B-4F14-B7F0-9B44C9374608}.Release|Any CPU.Build.0 = Release|Any CPU
		{29896C3E-C1DB-45FC-8011-D37310DA9354}.Debug|Any CPU.ActiveCfg = Debug|Any CPU
		{29896C3E-C1DB-45FC-8011-D37310DA9354}.Debug|Any CPU.Build.0 = Debug|Any CPU
		{29896C3E-C1DB-45FC-8011-D37310DA9354}.Release|Any CPU.ActiveCfg = Release|Any CPU
		{29896C3E-C1DB-45FC-8011-D37310DA9354}.Release|Any CPU.Build.0 = Release|Any CPU
		{97A91473-0EE6-4AFC-8136-C7035DB60712}.Debug|Any CPU.ActiveCfg = Debug|Any CPU
		{97A91473-0EE6-4AFC-8136-C7035DB60712}.Debug|Any CPU.Build.0 = Debug|Any CPU
		{97A91473-0EE6-4AFC-8136-C7035DB60712}.Release|Any CPU.ActiveCfg = Release|Any CPU
		{97A91473-0EE6-4AFC-8136-C7035DB60712}.Release|Any CPU.Build.0 = Release|Any CPU
		{5F148188-37B5-42C4-BE68-036DF917CF2E}.Debug|Any CPU.ActiveCfg = Debug|Any CPU
		{5F148188-37B5-42C4-BE68-036DF917CF2E}.Debug|Any CPU.Build.0 = Debug|Any CPU
		{5F148188-37B5-42C4-BE68-036DF917CF2E}.Release|Any CPU.ActiveCfg = Release|Any CPU
		{5F148188-37B5-42C4-BE68-036DF917CF2E}.Release|Any CPU.Build.0 = Release|Any CPU
		{106F63AA-9860-4978-92AA-D2E5DC2594A9}.Debug|Any CPU.ActiveCfg = Debug|Any CPU
		{106F63AA-9860-4978-92AA-D2E5DC2594A9}.Debug|Any CPU.Build.0 = Debug|Any CPU
		{106F63AA-9860-4978-92AA-D2E5DC2594A9}.Release|Any CPU.ActiveCfg = Release|Any CPU
		{106F63AA-9860-4978-92AA-D2E5DC2594A9}.Release|Any CPU.Build.0 = Release|Any CPU
		{EB10231F-4919-47A1-AD16-30E5A7831BB8}.Debug|Any CPU.ActiveCfg = Debug|Any CPU
		{EB10231F-4919-47A1-AD16-30E5A7831BB8}.Debug|Any CPU.Build.0 = Debug|Any CPU
		{EB10231F-4919-47A1-AD16-30E5A7831BB8}.Release|Any CPU.ActiveCfg = Release|Any CPU
		{EB10231F-4919-47A1-AD16-30E5A7831BB8}.Release|Any CPU.Build.0 = Release|Any CPU
	EndGlobalSection
	GlobalSection(SolutionProperties) = preSolution
		HideSolutionNode = FALSE
	EndGlobalSection
	GlobalSection(ExtensibilityGlobals) = postSolution
		SolutionGuid = {0741C26A-9DF9-4102-80B2-BBC309EDE063}
	EndGlobalSection
EndGlobal
